
Microsoft Visual Studio Solution File, Format Version 12.00
# Visual Studio 14
VisualStudioVersion = 14.0.25420.1
MinimumVisualStudioVersion = 10.0.40219.1
Project("{FAE04EC0-301F-11D3-BF4B-00C04F79EFBC}") = "GenuineChannels.Desktop.v4.6", "GenuineChannels.Desktop.v4.6.csproj", "{14FFFF11-DFBE-4F2F-A50E-381DD2DDB7C2}"
EndProject
Project("{FAE04EC0-301F-11D3-BF4B-00C04F79EFBC}") = "GenuineChannels.Desktop.v3.5", "GenuineChannels.Desktop.v3.5.csproj", "{002F15BE-46E6-47E9-8317-660A0D3CEA3E}"
EndProject
Global
	GlobalSection(SolutionConfigurationPlatforms) = preSolution
		Debug|Any CPU = Debug|Any CPU
		Release|Any CPU = Release|Any CPU
	EndGlobalSection
	GlobalSection(ProjectConfigurationPlatforms) = postSolution
		{14FFFF11-DFBE-4F2F-A50E-381DD2DDB7C2}.Debug|Any CPU.ActiveCfg = Debug|Any CPU
		{14FFFF11-DFBE-4F2F-A50E-381DD2DDB7C2}.Debug|Any CPU.Build.0 = Debug|Any CPU
		{14FFFF11-DFBE-4F2F-A50E-381DD2DDB7C2}.Release|Any CPU.ActiveCfg = Release|Any CPU
		{14FFFF11-DFBE-4F2F-A50E-381DD2DDB7C2}.Release|Any CPU.Build.0 = Release|Any CPU
		{002F15BE-46E6-47E9-8317-660A0D3CEA3E}.Debug|Any CPU.ActiveCfg = Debug|Any CPU
		{002F15BE-46E6-47E9-8317-660A0D3CEA3E}.Debug|Any CPU.Build.0 = Debug|Any CPU
		{002F15BE-46E6-47E9-8317-660A0D3CEA3E}.Release|Any CPU.ActiveCfg = Release|Any CPU
		{002F15BE-46E6-47E9-8317-660A0D3CEA3E}.Release|Any CPU.Build.0 = Release|Any CPU
	EndGlobalSection
	GlobalSection(SolutionProperties) = preSolution
		HideSolutionNode = FALSE
	EndGlobalSection
EndGlobal
